
Microsoft Visual Studio Solution File, Format Version 12.00
# Visual Studio 14
VisualStudioVersion = 14.0.23107.0
MinimumVisualStudioVersion = 10.0.40219.1
Project("{FAE04EC0-301F-11D3-BF4B-00C04F79EFBC}") = "ShoutzDatabaseManager", "ShoutzLoyaltyProgramManager\ShoutzDatabaseManager.csproj", "{875FD039-241D-46D9-B368-AA4EB16FF1B2}"
EndProject
Project("{FAE04EC0-301F-11D3-BF4B-00C04F79EFBC}") = "ShoutzDatabaseManager_Launcher", "ShoutzDatabaseManager_Launcher\ShoutzDatabaseManager_Launcher.csproj", "{7F3F8861-172B-4546-9446-DB223EDF8ECD}"
EndProject
Project("{FAE04EC0-301F-11D3-BF4B-00C04F79EFBC}") = "ShoutzDatabaseManager_AdministratorData", "ShoutzDatabaseManager_AdministratorData\ShoutzDatabaseManager_AdministratorData.csproj", "{43EEC6B6-3C72-4D76-8651-91E158449D13}"
EndProject
Global
	GlobalSection(SolutionConfigurationPlatforms) = preSolution
		Debug|Any CPU = Debug|Any CPU
		Release|Any CPU = Release|Any CPU
	EndGlobalSection
	GlobalSection(ProjectConfigurationPlatforms) = postSolution
		{875FD039-241D-46D9-B368-AA4EB16FF1B2}.Debug|Any CPU.ActiveCfg = Debug|Any CPU
		{875FD039-241D-46D9-B368-AA4EB16FF1B2}.Debug|Any CPU.Build.0 = Debug|Any CPU
		{875FD039-241D-46D9-B368-AA4EB16FF1B2}.Release|Any CPU.ActiveCfg = Release|Any CPU
		{875FD039-241D-46D9-B368-AA4EB16FF1B2}.Release|Any CPU.Build.0 = Release|Any CPU
		{7F3F8861-172B-4546-9446-DB223EDF8ECD}.Debug|Any CPU.ActiveCfg = Debug|Any CPU
		{7F3F8861-172B-4546-9446-DB223EDF8ECD}.Debug|Any CPU.Build.0 = Debug|Any CPU
		{7F3F8861-172B-4546-9446-DB223EDF8ECD}.Release|Any CPU.ActiveCfg = Release|Any CPU
		{7F3F8861-172B-4546-9446-DB223EDF8ECD}.Release|Any CPU.Build.0 = Release|Any CPU
		{43EEC6B6-3C72-4D76-8651-91E158449D13}.Debug|Any CPU.ActiveCfg = Debug|Any CPU
		{43EEC6B6-3C72-4D76-8651-91E158449D13}.Debug|Any CPU.Build.0 = Debug|Any CPU
		{43EEC6B6-3C72-4D76-8651-91E158449D13}.Release|Any CPU.ActiveCfg = Release|Any CPU
		{43EEC6B6-3C72-4D76-8651-91E158449D13}.Release|Any CPU.Build.0 = Release|Any CPU
	EndGlobalSection
	GlobalSection(SolutionProperties) = preSolution
		HideSolutionNode = FALSE
	EndGlobalSection
EndGlobal
